
Microsoft Visual Studio Solution File, Format Version 12.00
# Visual Studio Version 17
VisualStudioVersion = 17.9.34728.123
MinimumVisualStudioVersion = 10.0.40219.1
Project("{9A19103F-16F7-4668-BE54-9A1E7A4F7556}") = "CH1.WellDesignedAppsRock", "CH1.WellDesignedAppsRock\CH1.WellDesignedAppsRock.csproj", "{45D17547-3D26-4D10-852C-25420F378602}"
EndProject
Project("{2150E333-8FDC-42A3-9474-1A3956D46DE8}") = "Ch2-GatheringRequirements", "Ch2-GatheringRequirements", "{94BCBA21-BC97-43C7-88A4-BC5007C92A6A}"
EndProject
Project("{9A19103F-16F7-4668-BE54-9A1E7A4F7556}") = "DogDoor", "DogDoor\DogDoor.csproj", "{68A4FD17-9B52-4A66-AFE7-8A4F7B459B56}"
EndProject
Project("{9A19103F-16F7-4668-BE54-9A1E7A4F7556}") = "DogDoorUseCase", "DogDoorUseCase\DogDoorUseCase.csproj", "{2F64799D-B69B-4BD0-A882-E5EB12AAFC0D}"
EndProject
Project("{9A19103F-16F7-4668-BE54-9A1E7A4F7556}") = "CH3-Requirements Change", "CH3-Requirements Change\CH3-Requirements Change.csproj", "{DC0275C9-2708-42EE-962D-7C298FD1E6D0}"
EndProject
Project("{FAE04EC0-301F-11D3-BF4B-00C04F79EFBC}") = "CH4-Analysis", "CH4-Analysis\CH4-Analysis.csproj", "{2D21749E-B99A-4BA6-8E97-61990A1C7EDF}"
EndProject
Global
	GlobalSection(SolutionConfigurationPlatforms) = preSolution
		Debug|Any CPU = Debug|Any CPU
		Release|Any CPU = Release|Any CPU
	EndGlobalSection
	GlobalSection(ProjectConfigurationPlatforms) = postSolution
		{45D17547-3D26-4D10-852C-25420F378602}.Debug|Any CPU.ActiveCfg = Debug|Any CPU
		{45D17547-3D26-4D10-852C-25420F378602}.Debug|Any CPU.Build.0 = Debug|Any CPU
		{45D17547-3D26-4D10-852C-25420F378602}.Release|Any CPU.ActiveCfg = Release|Any CPU
		{45D17547-3D26-4D10-852C-25420F378602}.Release|Any CPU.Build.0 = Release|Any CPU
		{68A4FD17-9B52-4A66-AFE7-8A4F7B459B56}.Debug|Any CPU.ActiveCfg = Debug|Any CPU
		{68A4FD17-9B52-4A66-AFE7-8A4F7B459B56}.Debug|Any CPU.Build.0 = Debug|Any CPU
		{68A4FD17-9B52-4A66-AFE7-8A4F7B459B56}.Release|Any CPU.ActiveCfg = Release|Any CPU
		{68A4FD17-9B52-4A66-AFE7-8A4F7B459B56}.Release|Any CPU.Build.0 = Release|Any CPU
		{2F64799D-B69B-4BD0-A882-E5EB12AAFC0D}.Debug|Any CPU.ActiveCfg = Debug|Any CPU
		{2F64799D-B69B-4BD0-A882-E5EB12AAFC0D}.Debug|Any CPU.Build.0 = Debug|Any CPU
		{2F64799D-B69B-4BD0-A882-E5EB12AAFC0D}.Release|Any CPU.ActiveCfg = Release|Any CPU
		{2F64799D-B69B-4BD0-A882-E5EB12AAFC0D}.Release|Any CPU.Build.0 = Release|Any CPU
		{DC0275C9-2708-42EE-962D-7C298FD1E6D0}.Debug|Any CPU.ActiveCfg = Debug|Any CPU
		{DC0275C9-2708-42EE-962D-7C298FD1E6D0}.Debug|Any CPU.Build.0 = Debug|Any CPU
		{DC0275C9-2708-42EE-962D-7C298FD1E6D0}.Release|Any CPU.ActiveCfg = Release|Any CPU
		{DC0275C9-2708-42EE-962D-7C298FD1E6D0}.Release|Any CPU.Build.0 = Release|Any CPU
		{2D21749E-B99A-4BA6-8E97-61990A1C7EDF}.Debug|Any CPU.ActiveCfg = Debug|Any CPU
		{2D21749E-B99A-4BA6-8E97-61990A1C7EDF}.Debug|Any CPU.Build.0 = Debug|Any CPU
		{2D21749E-B99A-4BA6-8E97-61990A1C7EDF}.Release|Any CPU.ActiveCfg = Release|Any CPU
		{2D21749E-B99A-4BA6-8E97-61990A1C7EDF}.Release|Any CPU.Build.0 = Release|Any CPU
	EndGlobalSection
	GlobalSection(SolutionProperties) = preSolution
		HideSolutionNode = FALSE
	EndGlobalSection
	GlobalSection(NestedProjects) = preSolution
		{68A4FD17-9B52-4A66-AFE7-8A4F7B459B56} = {94BCBA21-BC97-43C7-88A4-BC5007C92A6A}
		{2F64799D-B69B-4BD0-A882-E5EB12AAFC0D} = {94BCBA21-BC97-43C7-88A4-BC5007C92A6A}
	EndGlobalSection
	GlobalSection(ExtensibilityGlobals) = postSolution
		SolutionGuid = {C81953E0-689B-417D-952D-14D07F1EC841}
	EndGlobalSection
EndGlobal
